
Microsoft Visual Studio Solution File, Format Version 12.00
# Visual Studio 15
VisualStudioVersion = 15.0.28010.2048
MinimumVisualStudioVersion = 10.0.40219.1
Project("{FAE04EC0-301F-11D3-BF4B-00C04F79EFBC}") = "TP4-TORNEOS", "TP4-TORNEOS\TP4-TORNEOS.csproj", "{69B48C42-27EE-42BE-87DF-0101926F32BA}"
EndProject
Global
	GlobalSection(SolutionConfigurationPlatforms) = preSolution
		Debug|Any CPU = Debug|Any CPU
		Release|Any CPU = Release|Any CPU
	EndGlobalSection
	GlobalSection(ProjectConfigurationPlatforms) = postSolution
		{69B48C42-27EE-42BE-87DF-0101926F32BA}.Debug|Any CPU.ActiveCfg = Debug|Any CPU
		{69B48C42-27EE-42BE-87DF-0101926F32BA}.Debug|Any CPU.Build.0 = Debug|Any CPU
		{69B48C42-27EE-42BE-87DF-0101926F32BA}.Release|Any CPU.ActiveCfg = Release|Any CPU
		{69B48C42-27EE-42BE-87DF-0101926F32BA}.Release|Any CPU.Build.0 = Release|Any CPU
	EndGlobalSection
	GlobalSection(SolutionProperties) = preSolution
		HideSolutionNode = FALSE
	EndGlobalSection
	GlobalSection(ExtensibilityGlobals) = postSolution
		SolutionGuid = {DC97045E-BF9C-4562-9FF2-6BCB6C0B31B5}
	EndGlobalSection
EndGlobal
